// !$*UTF8*$!
{
	archiveVersion = 1;
	classes = {
	};
	objectVersion = 46;
	objects = {

/* Begin PBXBuildFile section */
		418C481E1EF1AFAB00E4A69D /* AppDelegate.swift in Sources */ = {isa = PBXBuildFile; fileRef = 418C481D1EF1AFAB00E4A69D /* AppDelegate.swift */; };
		418C48201EF1AFAB00E4A69D /* RecordSoundsViewController.swift in Sources */ = {isa = PBXBuildFile; fileRef = 418C481F1EF1AFAB00E4A69D /* RecordSoundsViewController.swift */; };
		418C48231EF1AFAB00E4A69D /* Main.storyboard in Resources */ = {isa = PBXBuildFile; fileRef = 418C48211EF1AFAB00E4A69D /* Main.storyboard */; };
		418C48251EF1AFAB00E4A69D /* Assets.xcassets in Resources */ = {isa = PBXBuildFile; fileRef = 418C48241EF1AFAB00E4A69D /* Assets.xcassets */; };
		418C48281EF1AFAB00E4A69D /* LaunchScreen.storyboard in Resources */ = {isa = PBXBuildFile; fileRef = 418C48261EF1AFAB00E4A69D /* LaunchScreen.storyboard */; };
		41C52BB71EF2FFDA007927AA /* PlaySoundsViewController.swift in Sources */ = {isa = PBXBuildFile; fileRef = 41C52BB61EF2FFDA007927AA /* PlaySoundsViewController.swift */; };
		41C52BBB1EF31792007927AA /* PlaySoundsViewController+Audio.swift in Sources */ = {isa = PBXBuildFile; fileRef = 41C52BBA1EF31792007927AA /* PlaySoundsViewController+Audio.swift */; };
/* End PBXBuildFile section */

/* Begin PBXFileReference section */
		418C481A1EF1AFAB00E4A69D /* Pitch Perfect.app */ = {isa = PBXFileReference; explicitFileType = wrapper.application; includeInIndex = 0; path = "Pitch Perfect.app"; sourceTree = BUILT_PRODUCTS_DIR; };
		418C481D1EF1AFAB00E4A69D /* AppDelegate.swift */ = {isa = PBXFileReference; lastKnownFileType = sourcecode.swift; path = AppDelegate.swift; sourceTree = "<group>"; };
		418C481F1EF1AFAB00E4A69D /* RecordSoundsViewController.swift */ = {isa = PBXFileReference; lastKnownFileType = sourcecode.swift; path = RecordSoundsViewController.swift; sourceTree = "<group>"; };
		418C48221EF1AFAB00E4A69D /* Base */ = {isa = PBXFileReference; lastKnownFileType = file.storyboard; name = Base; path = Base.lproj/Main.storyboard; sourceTree = "<group>"; };
		418C48241EF1AFAB00E4A69D /* Assets.xcassets */ = {isa = PBXFileReference; lastKnownFileType = folder.assetcatalog; path = Assets.xcassets; sourceTree = "<group>"; };
		418C48271EF1AFAB00E4A69D /* Base */ = {isa = PBXFileReference; lastKnownFileType = file.storyboard; name = Base; path = Base.lproj/LaunchScreen.storyboard; sourceTree = "<group>"; };
		418C48291EF1AFAB00E4A69D /* Info.plist */ = {isa = PBXFileReference; lastKnownFileType = text.plist.xml; path = Info.plist; sourceTree = "<group>"; };
		41C52BB61EF2FFDA007927AA /* PlaySoundsViewController.swift */ = {isa = PBXFileReference; fileEncoding = 4; lastKnownFileType = sourcecode.swift; path = PlaySoundsViewController.swift; sourceTree = "<group>"; };
		41C52BBA1EF31792007927AA /* PlaySoundsViewController+Audio.swift */ = {isa = PBXFileReference; fileEncoding = 4; lastKnownFileType = sourcecode.swift; path = "PlaySoundsViewController+Audio.swift"; sourceTree = "<group>"; };
/* End PBXFileReference section */

/* Begin PBXFrameworksBuildPhase section */
		418C48171EF1AFAB00E4A69D /* Frameworks */ = {
			isa = PBXFrameworksBuildPhase;
			buildActionMask = 2147483647;
			files = (
			);
			runOnlyForDeploymentPostprocessing = 0;
		};
/* End PBXFrameworksBuildPhase section */

/* Begin PBXGroup section */
		418C48111EF1AFAB00E4A69D = {
			isa = PBXGroup;
			children = (
				418C481C1EF1AFAB00E4A69D /* Pitch Perfect */,
				418C481B1EF1AFAB00E4A69D /* Products */,
			);
			sourceTree = "<group>";
		};
		418C481B1EF1AFAB00E4A69D /* Products */ = {
			isa = PBXGroup;
			children = (
				418C481A1EF1AFAB00E4A69D /* Pitch Perfect.app */,
			);
			name = Products;
			sourceTree = "<group>";
		};
		418C481C1EF1AFAB00E4A69D /* Pitch Perfect */ = {
			isa = PBXGroup;
			children = (
				418C481D1EF1AFAB00E4A69D /* AppDelegate.swift */,
				418C481F1EF1AFAB00E4A69D /* RecordSoundsViewController.swift */,
				41C52BB61EF2FFDA007927AA /* PlaySoundsViewController.swift */,
				418C48211EF1AFAB00E4A69D /* Main.storyboard */,
				41C52BBA1EF31792007927AA /* PlaySoundsViewController+Audio.swift */,
				418C48241EF1AFAB00E4A69D /* Assets.xcassets */,
				418C48261EF1AFAB00E4A69D /* LaunchScreen.storyboard */,
				418C48291EF1AFAB00E4A69D /* Info.plist */,
			);
			path = "Pitch Perfect";
			sourceTree = "<group>";
		};
/* End PBXGroup section */

/* Begin PBXNativeTarget section */
		418C48191EF1AFAB00E4A69D /* Pitch Perfect */ = {
			isa = PBXNativeTarget;
			buildConfigurationList = 418C482C1EF1AFAB00E4A69D /* Build configuration list for PBXNativeTarget "Pitch Perfect" */;
			buildPhases = (
				418C48161EF1AFAB00E4A69D /* Sources */,
				418C48171EF1AFAB00E4A69D /* Frameworks */,
				418C48181EF1AFAB00E4A69D /* Resources */,
			);
			buildRules = (
			);
			dependencies = (
			);
			name = "Pitch Perfect";
			productName = "Pitch Perfect";
			productReference = 418C481A1EF1AFAB00E4A69D /* Pitch Perfect.app */;
			productType = "com.apple.product-type.application";
		};
/* End PBXNativeTarget section */

/* Begin PBXProject section */
		418C48121EF1AFAB00E4A69D /* Project object */ = {
			isa = PBXProject;
			attributes = {
				LastSwiftUpdateCheck = 0830;
				LastUpgradeCheck = 0830;
				ORGANIZATIONNAME = "Richard H";
				TargetAttributes = {
					418C48191EF1AFAB00E4A69D = {
						CreatedOnToolsVersion = 8.3.3;
						DevelopmentTeam = RX82536LZ9;
						ProvisioningStyle = Automatic;
					};
				};
			};
			buildConfigurationList = 418C48151EF1AFAB00E4A69D /* Build configuration list for PBXProject "Pitch Perfect" */;
			compatibilityVersion = "Xcode 3.2";
			developmentRegion = English;
			hasScannedForEncodings = 0;
			knownRegions = (
				en,
				Base,
			);
			mainGroup = 418C48111EF1AFAB00E4A69D;
			productRefGroup = 418C481B1EF1AFAB00E4A69D /* Products */;
			projectDirPath = "";
			projectRoot = "";
			targets = (
				418C48191EF1AFAB00E4A69D /* Pitch Perfect */,
			);
		};
/* End PBXProject section */

/* Begin PBXResourcesBuildPhase section */
		418C48181EF1AFAB00E4A69D /* Resources */ = {
			isa = PBXResourcesBuildPhase;
			buildActionMask = 2147483647;
			files = (
				418C48281EF1AFAB00E4A69D /* LaunchScreen.storyboard in Resources */,
				418C48251EF1AFAB00E4A69D /* Assets.xcassets in Resources */,
				418C48231EF1AFAB00E4A69D /* Main.storyboard in Resources */,
			);
			runOnlyForDeploymentPostprocessing = 0;
		};
/* End PBXResourcesBuildPhase section */

/* Begin PBXSourcesBuildPhase section */
		418C48161EF1AFAB00E4A69D /* Sources */ = {
			isa = PBXSourcesBuildPhase;
			buildActionMask = 2147483647;
			files = (
				418C48201EF1AFAB00E4A69D /* RecordSoundsViewController.swift in Sources */,
				41C52BBB1EF31792007927AA /* PlaySoundsViewController+Audio.swift in Sources */,
				41C52BB71EF2FFDA007927AA /* PlaySoundsViewController.swift in Sources */,
				418C481E1EF1AFAB00E4A69D /* AppDelegate.swift in Sources */,
			);
			runOnlyForDeploymentPostprocessing = 0;
		};
/* End PBXSourcesBuildPhase section */

/* Begin PBXVariantGroup section */
		418C48211EF1AFAB00E4A69D /* Main.storyboard */ = {
			isa = PBXVariantGroup;
			children = (
				418C48221EF1AFAB00E4A69D /* Base */,
			);
			name = Main.storyboard;
			sourceTree = "<group>";
		};
		418C48261EF1AFAB00E4A69D /* LaunchScreen.storyboard */ = {
			isa = PBXVariantGroup;
			children = (
				418C48271EF1AFAB00E4A69D /* Base */,
			);
			name = LaunchScreen.storyboard;
			sourceTree = "<group>";
		};
/* End PBXVariantGroup section */

/* Begin XCBuildConfiguration section */
		418C482A1EF1AFAB00E4A69D /* Debug */ = {
			isa = XCBuildConfiguration;
			buildSettings = {
				ALWAYS_SEARCH_USER_PATHS = NO;
				CLANG_ANALYZER_NONNULL = YES;
				CLANG_ANALYZER_NUMBER_OBJECT_CONVERSION = YES_AGGRESSIVE;
				CLANG_CXX_LANGUAGE_STANDARD = "gnu++0x";
				CLANG_CXX_LIBRARY = "libc++";
				CLANG_ENABLE_MODULES = YES;
				CLANG_ENABLE_OBJC_ARC = YES;
				CLANG_WARN_BOOL_CONVERSION = YES;
				CLANG_WARN_CONSTANT_CONVERSION = YES;
				CLANG_WARN_DIRECT_OBJC_ISA_USAGE = YES_ERROR;
				CLANG_WARN_DOCUMENTATION_COMMENTS = YES;
				CLANG_WARN_EMPTY_BODY = YES;
				CLANG_WARN_ENUM_CONVERSION = YES;
				CLANG_WARN_INFINITE_RECURSION = YES;
				CLANG_WARN_INT_CONVERSION = YES;
				CLANG_WARN_OBJC_ROOT_CLASS = YES_ERROR;
				CLANG_WARN_SUSPICIOUS_MOVE = YES;
				CLANG_WARN_UNREACHABLE_CODE = YES;
				CLANG_WARN__DUPLICATE_METHOD_MATCH = YES;
				"CODE_SIGN_IDENTITY[sdk=iphoneos*]" = "iPhone Developer";
				COPY_PHASE_STRIP = NO;
				DEBUG_INFORMATION_FORMAT = dwarf;
				ENABLE_STRICT_OBJC_MSGSEND = YES;
				ENABLE_TESTABILITY = YES;
				GCC_C_LANGUAGE_STANDARD = gnu99;
				GCC_DYNAMIC_NO_PIC = NO;
				GCC_NO_COMMON_BLOCKS = YES;
				GCC_OPTIMIZATION_LEVEL = 0;
				GCC_PREPROCESSOR_DEFINITIONS = (
					"DEBUG=1",
					"$(inherited)",
				);
				GCC_WARN_64_TO_32_BIT_CONVERSION = YES;
				GCC_WARN_ABOUT_RETURN_TYPE = YES_ERROR;
				GCC_WARN_UNDECLARED_SELECTOR = YES;
				GCC_WARN_UNINITIALIZED_AUTOS = YES_AGGRESSIVE;
				GCC_WARN_UNUSED_FUNCTION = YES;
				GCC_WARN_UNUSED_VARIABLE = YES;
				IPHONEOS_DEPLOYMENT_TARGET = 10.3;
				MTL_ENABLE_DEBUG_INFO = YES;
				ONLY_ACTIVE_ARCH = YES;
				SDKROOT = iphoneos;
				SWIFT_ACTIVE_COMPILATION_CONDITIONS = DEBUG;
				SWIFT_OPTIMIZATION_LEVEL = "-Onone";
				TARGETED_DEVICE_FAMILY = "1,2";
			};
			name = Debug;
		};
		418C482B1EF1AFAB00E4A69D /* Release */ = {
			isa = XCBuildConfiguration;
			buildSettings = {
				ALWAYS_SEARCH_USER_PATHS = NO;
				CLANG_ANALYZER_NONNULL = YES;
				CLANG_ANALYZER_NUMBER_OBJECT_CONVERSION = YES_AGGRESSIVE;
				CLANG_CXX_LANGUAGE_STANDARD = "gnu++0x";
				CLANG_CXX_LIBRARY = "libc++";
				CLANG_ENABLE_MODULES = YES;
				CLANG_ENABLE_OBJC_ARC = YES;
				CLANG_WARN_BOOL_CONVERSION = YES;
				CLANG_WARN_CONSTANT_CONVERSION = YES;
				CLANG_WARN_DIRECT_OBJC_ISA_USAGE = YES_ERROR;
				CLANG_WARN_DOCUMENTATION_COMMENTS = YES;
				CLANG_WARN_EMPTY_BODY = YES;
				CLANG_WARN_ENUM_CONVERSION = YES;
				CLANG_WARN_INFINITE_RECURSION = YES;
				CLANG_WARN_INT_CONVERSION = YES;
				CLANG_WARN_OBJC_ROOT_CLASS = YES_ERROR;
				CLANG_WARN_SUSPICIOUS_MOVE = YES;
				CLANG_WARN_UNREACHABLE_CODE = YES;
				CLANG_WARN__DUPLICATE_METHOD_MATCH = YES;
				"CODE_SIGN_IDENTITY[sdk=iphoneos*]" = "iPhone Developer";
				COPY_PHASE_STRIP = NO;
				DEBUG_INFORMATION_FORMAT = "dwarf-with-dsym";
				ENABLE_NS_ASSERTIONS = NO;
				ENABLE_STRICT_OBJC_MSGSEND = YES;
				GCC_C_LANGUAGE_STANDARD = gnu99;
				GCC_NO_COMMON_BLOCKS = YES;
				GCC_WARN_64_TO_32_BIT_CONVERSION = YES;
				GCC_WARN_ABOUT_RETURN_TYPE = YES_ERROR;
				GCC_WARN_UNDECLARED_SELECTOR = YES;
				GCC_WARN_UNINITIALIZED_AUTOS = YES_AGGRESSIVE;
				GCC_WARN_UNUSED_FUNCTION = YES;
				GCC_WARN_UNUSED_VARIABLE = YES;
				IPHONEOS_DEPLOYMENT_TARGET = 10.3;
				MTL_ENABLE_DEBUG_INFO = NO;
				SDKROOT = iphoneos;
				SWIFT_OPTIMIZATION_LEVEL = "-Owholemodule";
				TARGETED_DEVICE_FAMILY = "1,2";
				VALIDATE_PRODUCT = YES;
			};
			name = Release;
		};
		418C482D1EF1AFAB00E4A69D /* Debug */ = {
			isa = XCBuildConfiguration;
			buildSettings = {
				ASSETCATALOG_COMPILER_APPICON_NAME = AppIcon;
				DEVELOPMENT_TEAM = RX82536LZ9;
				INFOPLIST_FILE = "Pitch Perfect/Info.plist";
				LD_RUNPATH_SEARCH_PATHS = "$(inherited) @executable_path/Frameworks";
				PRODUCT_BUNDLE_IDENTIFIER = "com.test.test.Pitch-Perfect";
				PRODUCT_NAME = "$(TARGET_NAME)";
				SWIFT_VERSION = 3.0;
			};
			name = Debug;
		};
		418C482E1EF1AFAB00E4A69D /* Release */ = {
			isa = XCBuildConfiguration;
			buildSettings = {
				ASSETCATALOG_COMPILER_APPICON_NAME = AppIcon;
				DEVELOPMENT_TEAM = RX82536LZ9;
				INFOPLIST_FILE = "Pitch Perfect/Info.plist";
				LD_RUNPATH_SEARCH_PATHS = "$(inherited) @executable_path/Frameworks";
				PRODUCT_BUNDLE_IDENTIFIER = "com.test.test.Pitch-Perfect";
				PRODUCT_NAME = "$(TARGET_NAME)";
				SWIFT_VERSION = 3.0;
			};
			name = Release;
		};
/* End XCBuildConfiguration section */

/* Begin XCConfigurationList section */
		418C48151EF1AFAB00E4A69D /* Build configuration list for PBXProject "Pitch Perfect" */ = {
			isa = XCConfigurationList;
			buildConfigurations = (
				418C482A1EF1AFAB00E4A69D /* Debug */,
				418C482B1EF1AFAB00E4A69D /* Release */,
			);
			defaultConfigurationIsVisible = 0;
			defaultConfigurationName = Release;
		};
		418C482C1EF1AFAB00E4A69D /* Build configuration list for PBXNativeTarget "Pitch Perfect" */ = {
			isa = XCConfigurationList;
			buildConfigurations = (
				418C482D1EF1AFAB00E4A69D /* Debug */,
				418C482E1EF1AFAB00E4A69D /* Release */,
			);
			defaultConfigurationIsVisible = 0;
			defaultConfigurationName = Release;
		};
/* End XCConfigurationList section */
	};
	rootObject = 418C48121EF1AFAB00E4A69D /* Project object */;
}
